
Microsoft Visual Studio Solution File, Format Version 12.00
# Visual Studio Version 16
VisualStudioVersion = 16.0.32510.428
MinimumVisualStudioVersion = 10.0.40219.1
Project("{FAE04EC0-301F-11D3-BF4B-00C04F79EFBC}") = "AssignmentAE", "AssignmentAE\AssignmentAE.csproj", "{C3525986-FE71-462E-B30D-0ABCC176158F}"
EndProject
Global
	GlobalSection(SolutionConfigurationPlatforms) = preSolution
		Debug|Any CPU = Debug|Any CPU
		Release|Any CPU = Release|Any CPU
	EndGlobalSection
	GlobalSection(ProjectConfigurationPlatforms) = postSolution
		{C3525986-FE71-462E-B30D-0ABCC176158F}.Debug|Any CPU.ActiveCfg = Debug|Any CPU
		{C3525986-FE71-462E-B30D-0ABCC176158F}.Debug|Any CPU.Build.0 = Debug|Any CPU
		{C3525986-FE71-462E-B30D-0ABCC176158F}.Release|Any CPU.ActiveCfg = Release|Any CPU
		{C3525986-FE71-462E-B30D-0ABCC176158F}.Release|Any CPU.Build.0 = Release|Any CPU
	EndGlobalSection
	GlobalSection(SolutionProperties) = preSolution
		HideSolutionNode = FALSE
	EndGlobalSection
	GlobalSection(ExtensibilityGlobals) = postSolution
		SolutionGuid = {273F6A39-9B9F-4199-BF71-2EC4EEFE44B7}
	EndGlobalSection
EndGlobal
